
Microsoft Visual Studio Solution File, Format Version 12.00
# Visual Studio Version 16
VisualStudioVersion = 16.0.29519.181
MinimumVisualStudioVersion = 10.0.40219.1
Project("{9A19103F-16F7-4668-BE54-9A1E7A4F7556}") = "MyTestProject", "MyTestProject\MyTestProject.csproj", "{8456CF39-C7D9-4070-99AC-C7DE4D9D5DDA}"
EndProject
Project("{FAE04EC0-301F-11D3-BF4B-00C04F79EFBC}") = "MyTestProjectUnitTests", "MyTestProjectUnitTests\MyTestProjectUnitTests.csproj", "{D0B2B367-E51F-40AA-AD55-C12742791DFE}"
EndProject
Global
	GlobalSection(SolutionConfigurationPlatforms) = preSolution
		Debug|Any CPU = Debug|Any CPU
		Release|Any CPU = Release|Any CPU
	EndGlobalSection
	GlobalSection(ProjectConfigurationPlatforms) = postSolution
		{8456CF39-C7D9-4070-99AC-C7DE4D9D5DDA}.Debug|Any CPU.ActiveCfg = Debug|Any CPU
		{8456CF39-C7D9-4070-99AC-C7DE4D9D5DDA}.Debug|Any CPU.Build.0 = Debug|Any CPU
		{8456CF39-C7D9-4070-99AC-C7DE4D9D5DDA}.Release|Any CPU.ActiveCfg = Release|Any CPU
		{8456CF39-C7D9-4070-99AC-C7DE4D9D5DDA}.Release|Any CPU.Build.0 = Release|Any CPU
		{D0B2B367-E51F-40AA-AD55-C12742791DFE}.Debug|Any CPU.ActiveCfg = Debug|Any CPU
		{D0B2B367-E51F-40AA-AD55-C12742791DFE}.Debug|Any CPU.Build.0 = Debug|Any CPU
		{D0B2B367-E51F-40AA-AD55-C12742791DFE}.Release|Any CPU.ActiveCfg = Release|Any CPU
		{D0B2B367-E51F-40AA-AD55-C12742791DFE}.Release|Any CPU.Build.0 = Release|Any CPU
	EndGlobalSection
	GlobalSection(SolutionProperties) = preSolution
		HideSolutionNode = FALSE
	EndGlobalSection
	GlobalSection(ExtensibilityGlobals) = postSolution
		SolutionGuid = {B5FC0FA1-6F37-4348-A0F3-C9359EEEC9CE}
	EndGlobalSection
EndGlobal
